
Microsoft Visual Studio Solution File, Format Version 12.00
# Visual Studio 15
VisualStudioVersion = 15.0.27004.2002
MinimumVisualStudioVersion = 10.0.40219.1
Project("{FAE04EC0-301F-11D3-BF4B-00C04F79EFBC}") = "CandOrdEjerySol", "CandOrdEjerySol.csproj", "{982AE803-5839-4DEB-86F3-E14C01BEF5B7}"
EndProject
Global
	GlobalSection(SolutionConfigurationPlatforms) = preSolution
		Debug|Any CPU = Debug|Any CPU
		Release|Any CPU = Release|Any CPU
	EndGlobalSection
	GlobalSection(ProjectConfigurationPlatforms) = postSolution
		{982AE803-5839-4DEB-86F3-E14C01BEF5B7}.Debug|Any CPU.ActiveCfg = Debug|Any CPU
		{982AE803-5839-4DEB-86F3-E14C01BEF5B7}.Debug|Any CPU.Build.0 = Debug|Any CPU
		{982AE803-5839-4DEB-86F3-E14C01BEF5B7}.Release|Any CPU.ActiveCfg = Release|Any CPU
		{982AE803-5839-4DEB-86F3-E14C01BEF5B7}.Release|Any CPU.Build.0 = Release|Any CPU
	EndGlobalSection
	GlobalSection(SolutionProperties) = preSolution
		HideSolutionNode = FALSE
	EndGlobalSection
	GlobalSection(ExtensibilityGlobals) = postSolution
		SolutionGuid = {9A7B53F3-7339-41AD-AC91-4517A08DB53C}
	EndGlobalSection
EndGlobal
